
Microsoft Visual Studio Solution File, Format Version 12.00
# Visual Studio Version 18
VisualStudioVersion = 18.8.12009.203
MinimumVisualStudioVersion = 10.0.40219.1
Project("{FAE04EC0-301F-11D3-BF4B-00C04F79EFBC}") = "BalsaOpsDesktop", "BalsaOpsDesktop\BalsaOpsDesktop.csproj", "{D9E83D97-5B6D-F7AC-1EAF-13A4F41095DC}"
EndProject
Global
	GlobalSection(SolutionConfigurationPlatforms) = preSolution
		Debug|Any CPU = Debug|Any CPU
		Release|Any CPU = Release|Any CPU
	EndGlobalSection
	GlobalSection(ProjectConfigurationPlatforms) = postSolution
		{D9E83D97-5B6D-F7AC-1EAF-13A4F41095DC}.Debug|Any CPU.ActiveCfg = Debug|Any CPU
		{D9E83D97-5B6D-F7AC-1EAF-13A4F41095DC}.Debug|Any CPU.Build.0 = Debug|Any CPU
		{D9E83D97-5B6D-F7AC-1EAF-13A4F41095DC}.Release|Any CPU.ActiveCfg = Release|Any CPU
		{D9E83D97-5B6D-F7AC-1EAF-13A4F41095DC}.Release|Any CPU.Build.0 = Release|Any CPU
	EndGlobalSection
	GlobalSection(SolutionProperties) = preSolution
		HideSolutionNode = FALSE
	EndGlobalSection
	GlobalSection(ExtensibilityGlobals) = postSolution
		SolutionGuid = {0EF28D7F-6DCE-4A8A-9817-532875FF81C5}
	EndGlobalSection
EndGlobal
